Microsoft Visual Studio Solution File, Format Version 7.00
Project("{8BC9CEB8-8B4A-11D0-8D11-00A0C91BC942}") = "Cxbe", "Cxbe.vcproj", "{9F65CCF1-04BB-452B-8EE1-BC562CFF7F32}"
EndProject
Project("{8BC9CEB8-8B4A-11D0-8D11-00A0C91BC942}") = "Cxbx", "Cxbx.vcproj", "{F94E5FE6-E8B2-4C17-864B-3FDF3C748C0F}"
EndProject
Project("{8BC9CEB8-8B4A-11D0-8D11-00A0C91BC942}") = "CxbxKrnl", "CxbxKrnl.vcproj", "{F9FFCC1E-7380-487F-8F04-E63B089BB26D}"
EndProject
Global
	GlobalSection(SolutionConfiguration) = preSolution
		ConfigName.0 = Debug
		ConfigName.1 = Release
	EndGlobalSection
	GlobalSection(ProjectDependencies) = postSolution
		{F94E5FE6-E8B2-4C17-864B-3FDF3C748C0F}.0 = {F9FFCC1E-7380-487F-8F04-E63B089BB26D}
	EndGlobalSection
	GlobalSection(ProjectConfiguration) = postSolution
		{9F65CCF1-04BB-452B-8EE1-BC562CFF7F32}.Debug.ActiveCfg = Debug|Win32
		{9F65CCF1-04BB-452B-8EE1-BC562CFF7F32}.Debug.Build.0 = Debug|Win32
		{9F65CCF1-04BB-452B-8EE1-BC562CFF7F32}.Release.ActiveCfg = Release|Win32
		{9F65CCF1-04BB-452B-8EE1-BC562CFF7F32}.Release.Build.0 = Release|Win32
		{F94E5FE6-E8B2-4C17-864B-3FDF3C748C0F}.Debug.ActiveCfg = Debug|Win32
		{F94E5FE6-E8B2-4C17-864B-3FDF3C748C0F}.Debug.Build.0 = Debug|Win32
		{F94E5FE6-E8B2-4C17-864B-3FDF3C748C0F}.Release.ActiveCfg = Release|Win32
		{F94E5FE6-E8B2-4C17-864B-3FDF3C748C0F}.Release.Build.0 = Release|Win32
		{F9FFCC1E-7380-487F-8F04-E63B089BB26D}.Debug.ActiveCfg = Debug|Win32
		{F9FFCC1E-7380-487F-8F04-E63B089BB26D}.Debug.Build.0 = Debug|Win32
		{F9FFCC1E-7380-487F-8F04-E63B089BB26D}.Release.ActiveCfg = Release|Win32
		{F9FFCC1E-7380-487F-8F04-E63B089BB26D}.Release.Build.0 = Release|Win32
	EndGlobalSection
	GlobalSection(ExtensibilityGlobals) = postSolution
	EndGlobalSection
	GlobalSection(ExtensibilityAddIns) = postSolution
	EndGlobalSection
EndGlobal
