Microsoft Visual Studio Solution File, Format Version 7.00
Project("{8BC9CEB8-8B4A-11D0-8D11-00A0C91BC942}") = "Cxbe", "Cxbe.vcproj", "{C191563A-267E-4D76-B7F6-BD3F23A096C5}"
EndProject
Project("{8BC9CEB8-8B4A-11D0-8D11-00A0C91BC942}") = "Cxbx", "Cxbx.vcproj", "{E66BE81B-2A12-474E-82FC-ED299675DF2B}"
EndProject
Project("{8BC9CEB8-8B4A-11D0-8D11-00A0C91BC942}") = "CxbxKrnl", "CxbxKrnl.vcproj", "{A74CF8CD-7CF5-49DE-9E44-B2E222273462}"
EndProject
Global
	GlobalSection(SolutionConfiguration) = preSolution
		ConfigName.0 = Debug
		ConfigName.1 = Release
	EndGlobalSection
	GlobalSection(ProjectDependencies) = postSolution
		{E66BE81B-2A12-474E-82FC-ED299675DF2B}.0 = {A74CF8CD-7CF5-49DE-9E44-B2E222273462}
	EndGlobalSection
	GlobalSection(ProjectConfiguration) = postSolution
		{C191563A-267E-4D76-B7F6-BD3F23A096C5}.Debug.ActiveCfg = Debug|Win32
		{C191563A-267E-4D76-B7F6-BD3F23A096C5}.Debug.Build.0 = Debug|Win32
		{C191563A-267E-4D76-B7F6-BD3F23A096C5}.Release.ActiveCfg = Release|Win32
		{C191563A-267E-4D76-B7F6-BD3F23A096C5}.Release.Build.0 = Release|Win32
		{E66BE81B-2A12-474E-82FC-ED299675DF2B}.Debug.ActiveCfg = Debug|Win32
		{E66BE81B-2A12-474E-82FC-ED299675DF2B}.Debug.Build.0 = Debug|Win32
		{E66BE81B-2A12-474E-82FC-ED299675DF2B}.Release.ActiveCfg = Release|Win32
		{E66BE81B-2A12-474E-82FC-ED299675DF2B}.Release.Build.0 = Release|Win32
		{A74CF8CD-7CF5-49DE-9E44-B2E222273462}.Debug.ActiveCfg = Debug|Win32
		{A74CF8CD-7CF5-49DE-9E44-B2E222273462}.Debug.Build.0 = Debug|Win32
		{A74CF8CD-7CF5-49DE-9E44-B2E222273462}.Release.ActiveCfg = Release|Win32
		{A74CF8CD-7CF5-49DE-9E44-B2E222273462}.Release.Build.0 = Release|Win32
	EndGlobalSection
	GlobalSection(ExtensibilityGlobals) = postSolution
	EndGlobalSection
	GlobalSection(ExtensibilityAddIns) = postSolution
	EndGlobalSection
EndGlobal
